
Microsoft Visual Studio Solution File, Format Version 12.00
# Visual Studio Version 17
VisualStudioVersion = 17.5.33530.505
MinimumVisualStudioVersion = 10.0.40219.1
Project("{FAE04EC0-301F-11D3-BF4B-00C04F79EFBC}") = "DapperWebAPI", "DapperWebAPI\DapperWebAPI.csproj", "{378D3891-844F-4BF7-B875-41DB879AEEE8}"
EndProject
Global
	GlobalSection(SolutionConfigurationPlatforms) = preSolution
		Debug|Any CPU = Debug|Any CPU
		Release|Any CPU = Release|Any CPU
	EndGlobalSection
	GlobalSection(ProjectConfigurationPlatforms) = postSolution
		{378D3891-844F-4BF7-B875-41DB879AEEE8}.Debug|Any CPU.ActiveCfg = Debug|Any CPU
		{378D3891-844F-4BF7-B875-41DB879AEEE8}.Debug|Any CPU.Build.0 = Debug|Any CPU
		{378D3891-844F-4BF7-B875-41DB879AEEE8}.Release|Any CPU.ActiveCfg = Release|Any CPU
		{378D3891-844F-4BF7-B875-41DB879AEEE8}.Release|Any CPU.Build.0 = Release|Any CPU
	EndGlobalSection
	GlobalSection(SolutionProperties) = preSolution
		HideSolutionNode = FALSE
	EndGlobalSection
	GlobalSection(ExtensibilityGlobals) = postSolution
		SolutionGuid = {C8EFBF27-2F65-4EAD-B609-4C1EE291EE83}
	EndGlobalSection
EndGlobal
