
Microsoft Visual Studio Solution File, Format Version 12.00
# Visual Studio Version 17
VisualStudioVersion = 17.5.33530.505
MinimumVisualStudioVersion = 10.0.40219.1
Project("{9A19103F-16F7-4668-BE54-9A1E7A4F7556}") = "StudentDataRecord.API", "StudentDataRecord.API\StudentDataRecord.API.csproj", "{1260860E-ED0F-4018-AE6A-3D83F0B1839B}"
EndProject
Global
	GlobalSection(SolutionConfigurationPlatforms) = preSolution
		Debug|Any CPU = Debug|Any CPU
		Release|Any CPU = Release|Any CPU
	EndGlobalSection
	GlobalSection(ProjectConfigurationPlatforms) = postSolution
		{1260860E-ED0F-4018-AE6A-3D83F0B1839B}.Debug|Any CPU.ActiveCfg = Debug|Any CPU
		{1260860E-ED0F-4018-AE6A-3D83F0B1839B}.Debug|Any CPU.Build.0 = Debug|Any CPU
		{1260860E-ED0F-4018-AE6A-3D83F0B1839B}.Release|Any CPU.ActiveCfg = Release|Any CPU
		{1260860E-ED0F-4018-AE6A-3D83F0B1839B}.Release|Any CPU.Build.0 = Release|Any CPU
	EndGlobalSection
	GlobalSection(SolutionProperties) = preSolution
		HideSolutionNode = FALSE
	EndGlobalSection
	GlobalSection(ExtensibilityGlobals) = postSolution
		SolutionGuid = {923D4A83-28CC-4D6F-A7FF-1290F2676E72}
	EndGlobalSection
EndGlobal
